
Microsoft Visual Studio Solution File, Format Version 12.00
# Visual Studio Version 17
VisualStudioVersion = 17.8.34309.116
MinimumVisualStudioVersion = 10.0.40219.1
Project("{FAE04EC0-301F-11D3-BF4B-00C04F79EFBC}") = "Api", "Api\Api.csproj", "{4E35A824-D35D-47A9-88DD-E0D688B3E4C5}"
EndProject
Project("{FAE04EC0-301F-11D3-BF4B-00C04F79EFBC}") = "Application", "Application\Application.csproj", "{FFD36264-E75D-40E1-B14D-FC757A97D3D1}"
EndProject
Project("{FAE04EC0-301F-11D3-BF4B-00C04F79EFBC}") = "Domain", "Domain\Domain.csproj", "{EDAF0CBF-0870-4302-BC1C-7FF5CA00AFF4}"
EndProject
Global
	GlobalSection(SolutionConfigurationPlatforms) = preSolution
		Debug|Any CPU = Debug|Any CPU
		Release|Any CPU = Release|Any CPU
	EndGlobalSection
	GlobalSection(ProjectConfigurationPlatforms) = postSolution
		{4E35A824-D35D-47A9-88DD-E0D688B3E4C5}.Debug|Any CPU.ActiveCfg = Debug|Any CPU
		{4E35A824-D35D-47A9-88DD-E0D688B3E4C5}.Debug|Any CPU.Build.0 = Debug|Any CPU
		{4E35A824-D35D-47A9-88DD-E0D688B3E4C5}.Release|Any CPU.ActiveCfg = Release|Any CPU
		{4E35A824-D35D-47A9-88DD-E0D688B3E4C5}.Release|Any CPU.Build.0 = Release|Any CPU
		{FFD36264-E75D-40E1-B14D-FC757A97D3D1}.Debug|Any CPU.ActiveCfg = Debug|Any CPU
		{FFD36264-E75D-40E1-B14D-FC757A97D3D1}.Debug|Any CPU.Build.0 = Debug|Any CPU
		{FFD36264-E75D-40E1-B14D-FC757A97D3D1}.Release|Any CPU.ActiveCfg = Release|Any CPU
		{FFD36264-E75D-40E1-B14D-FC757A97D3D1}.Release|Any CPU.Build.0 = Release|Any CPU
		{EDAF0CBF-0870-4302-BC1C-7FF5CA00AFF4}.Debug|Any CPU.ActiveCfg = Debug|Any CPU
		{EDAF0CBF-0870-4302-BC1C-7FF5CA00AFF4}.Debug|Any CPU.Build.0 = Debug|Any CPU
		{EDAF0CBF-0870-4302-BC1C-7FF5CA00AFF4}.Release|Any CPU.ActiveCfg = Release|Any CPU
		{EDAF0CBF-0870-4302-BC1C-7FF5CA00AFF4}.Release|Any CPU.Build.0 = Release|Any CPU
	EndGlobalSection
	GlobalSection(SolutionProperties) = preSolution
		HideSolutionNode = FALSE
	EndGlobalSection
	GlobalSection(ExtensibilityGlobals) = postSolution
		SolutionGuid = {65459199-E6C9-4EB0-ABAD-3EC64AD4D553}
	EndGlobalSection
EndGlobal
